// !$*UTF8*$!
{
	archiveVersion = 1;
	classes = {
	};
	objectVersion = 55;
	objects = {

/* Begin PBXBuildFile section */
		0E533F1F2924C4DA001A6A53 /* Endpoint.swift in Sources */ = {isa = PBXBuildFile; fileRef = 0E533F1E2924C4DA001A6A53 /* Endpoint.swift */; };
		0E533F212924C589001A6A53 /* Genres.swift in Sources */ = {isa = PBXBuildFile; fileRef = 0E533F202924C589001A6A53 /* Genres.swift */; };
		0E533F232924C5C1001A6A53 /* MovieList.swift in Sources */ = {isa = PBXBuildFile; fileRef = 0E533F222924C5C0001A6A53 /* MovieList.swift */; };
		0E533F252924C5DC001A6A53 /* MovieData.swift in Sources */ = {isa = PBXBuildFile; fileRef = 0E533F242924C5DC001A6A53 /* MovieData.swift */; };
		0E533F272924C603001A6A53 /* UserReviews.swift in Sources */ = {isa = PBXBuildFile; fileRef = 0E533F262924C603001A6A53 /* UserReviews.swift */; };
		0E533F292924C809001A6A53 /* Key.swift in Sources */ = {isa = PBXBuildFile; fileRef = 0E533F282924C809001A6A53 /* Key.swift */; };
		0E533F2B2925E973001A6A53 /* GenreListVC.swift in Sources */ = {isa = PBXBuildFile; fileRef = 0E533F2A2925E973001A6A53 /* GenreListVC.swift */; };
		0E533F2D2925E984001A6A53 /* MovieListVC.swift in Sources */ = {isa = PBXBuildFile; fileRef = 0E533F2C2925E984001A6A53 /* MovieListVC.swift */; };
		0E533F2F2925E999001A6A53 /* MovieDetailVC.swift in Sources */ = {isa = PBXBuildFile; fileRef = 0E533F2E2925E999001A6A53 /* MovieDetailVC.swift */; };
		0E533F312925EA85001A6A53 /* UserReviewsVC.swift in Sources */ = {isa = PBXBuildFile; fileRef = 0E533F302925EA85001A6A53 /* UserReviewsVC.swift */; };
		0E533F342925EACF001A6A53 /* GenreCell.swift in Sources */ = {isa = PBXBuildFile; fileRef = 0E533F322925EACF001A6A53 /* GenreCell.swift */; };
		0E533F352925EACF001A6A53 /* GenreCell.xib in Resources */ = {isa = PBXBuildFile; fileRef = 0E533F332925EACF001A6A53 /* GenreCell.xib */; };
		0E533F3C2925EB24001A6A53 /* UserReviewsCell.swift in Sources */ = {isa = PBXBuildFile; fileRef = 0E533F3A2925EB24001A6A53 /* UserReviewsCell.swift */; };
		0E533F3D2925EB24001A6A53 /* UserReviewsCell.xib in Resources */ = {isa = PBXBuildFile; fileRef = 0E533F3B2925EB24001A6A53 /* UserReviewsCell.xib */; };
		0E533F4029279784001A6A53 /* MoviesCell.swift in Sources */ = {isa = PBXBuildFile; fileRef = 0E533F3E29279784001A6A53 /* MoviesCell.swift */; };
		0E533F4129279784001A6A53 /* MoviesCell.xib in Resources */ = {isa = PBXBuildFile; fileRef = 0E533F3F29279784001A6A53 /* MoviesCell.xib */; };
		0EA7CCCF292B452200192D51 /* YoutubePlayerVC.swift in Sources */ = {isa = PBXBuildFile; fileRef = 0EA7CCCE292B452200192D51 /* YoutubePlayerVC.swift */; };
		0EB7F31E29248056006283FA /* AppDelegate.swift in Sources */ = {isa = PBXBuildFile; fileRef = 0EB7F31D29248056006283FA /* AppDelegate.swift */; };
		0EB7F32029248056006283FA /* SceneDelegate.swift in Sources */ = {isa = PBXBuildFile; fileRef = 0EB7F31F29248056006283FA /* SceneDelegate.swift */; };
		0EB7F32229248056006283FA /* ViewController.swift in Sources */ = {isa = PBXBuildFile; fileRef = 0EB7F32129248056006283FA /* ViewController.swift */; };
		0EB7F32529248056006283FA /* Main.storyboard in Resources */ = {isa = PBXBuildFile; fileRef = 0EB7F32329248056006283FA /* Main.storyboard */; };
		0EB7F32729248058006283FA /* Assets.xcassets in Resources */ = {isa = PBXBuildFile; fileRef = 0EB7F32629248058006283FA /* Assets.xcassets */; };
		0EB7F32A29248058006283FA /* LaunchScreen.storyboard in Resources */ = {isa = PBXBuildFile; fileRef = 0EB7F32829248058006283FA /* LaunchScreen.storyboard */; };
		0EB7F33529248058006283FA /* MyMoviesTests.swift in Sources */ = {isa = PBXBuildFile; fileRef = 0EB7F33429248058006283FA /* MyMoviesTests.swift */; };
		0EB7F33F29248058006283FA /* MyMoviesUITests.swift in Sources */ = {isa = PBXBuildFile; fileRef = 0EB7F33E29248058006283FA /* MyMoviesUITests.swift */; };
		0EB7F34129248058006283FA /* MyMoviesUITestsLaunchTests.swift in Sources */ = {isa = PBXBuildFile; fileRef = 0EB7F34029248058006283FA /* MyMoviesUITestsLaunchTests.swift */; };
		4759165FD0426A01CE68DB94 /* Pods_MyMoviesTests.framework in Frameworks */ = {isa = PBXBuildFile; fileRef = F7ED953868064FE954588799 /* Pods_MyMoviesTests.framework */; };
		801321CF2042AFBCE2BF35E9 /* Pods_MyMovies_MyMoviesUITests.framework in Frameworks */ = {isa = PBXBuildFile; fileRef = A09E589308E9AEEA04CE5277 /* Pods_MyMovies_MyMoviesUITests.framework */; };
		AE54841A8C68E0BA5C85005D /* Pods_MyMovies.framework in Frameworks */ = {isa = PBXBuildFile; fileRef = 458D5E3084CF7C3D6A5C9B93 /* Pods_MyMovies.framework */; };
/* End PBXBuildFile section */

/* Begin PBXContainerItemProxy section */
		0EB7F33129248058006283FA /* PBXContainerItemProxy */ = {
			isa = PBXContainerItemProxy;
			containerPortal = 0EB7F31229248055006283FA /* Project object */;
			proxyType = 1;
			remoteGlobalIDString = 0EB7F31929248056006283FA;
			remoteInfo = MyMovies;
		};
		0EB7F33B29248058006283FA /* PBXContainerItemProxy */ = {
			isa = PBXContainerItemProxy;
			containerPortal = 0EB7F31229248055006283FA /* Project object */;
			proxyType = 1;
			remoteGlobalIDString = 0EB7F31929248056006283FA;
			remoteInfo = MyMovies;
		};
/* End PBXContainerItemProxy section */

/* Begin PBXFileReference section */
		0E533F1E2924C4DA001A6A53 /* Endpoint.swift */ = {isa = PBXFileReference; lastKnownFileType = sourcecode.swift; path = Endpoint.swift; sourceTree = "<group>"; };
		0E533F202924C589001A6A53 /* Genres.swift */ = {isa = PBXFileReference; lastKnownFileType = sourcecode.swift; path = Genres.swift; sourceTree = "<group>"; };
		0E533F222924C5C0001A6A53 /* MovieList.swift */ = {isa = PBXFileReference; lastKnownFileType = sourcecode.swift; path = MovieList.swift; sourceTree = "<group>"; };
		0E533F242924C5DC001A6A53 /* MovieData.swift */ = {isa = PBXFileReference; lastKnownFileType = sourcecode.swift; path = MovieData.swift; sourceTree = "<group>"; };
		0E533F262924C603001A6A53 /* UserReviews.swift */ = {isa = PBXFileReference; lastKnownFileType = sourcecode.swift; path = UserReviews.swift; sourceTree = "<group>"; };
		0E533F282924C809001A6A53 /* Key.swift */ = {isa = PBXFileReference; lastKnownFileType = sourcecode.swift; path = Key.swift; sourceTree = "<group>"; };
		0E533F2A2925E973001A6A53 /* GenreListVC.swift */ = {isa = PBXFileReference; lastKnownFileType = sourcecode.swift; path = GenreListVC.swift; sourceTree = "<group>"; };
		0E533F2C2925E984001A6A53 /* MovieListVC.swift */ = {isa = PBXFileReference; lastKnownFileType = sourcecode.swift; path = MovieListVC.swift; sourceTree = "<group>"; };
		0E533F2E2925E999001A6A53 /* MovieDetailVC.swift */ = {isa = PBXFileReference; lastKnownFileType = sourcecode.swift; path = MovieDetailVC.swift; sourceTree = "<group>"; };
		0E533F302925EA85001A6A53 /* UserReviewsVC.swift */ = {isa = PBXFileReference; lastKnownFileType = sourcecode.swift; path = UserReviewsVC.swift; sourceTree = "<group>"; };
		0E533F322925EACF001A6A53 /* GenreCell.swift */ = {isa = PBXFileReference; lastKnownFileType = sourcecode.swift; path = GenreCell.swift; sourceTree = "<group>"; };
		0E533F332925EACF001A6A53 /* GenreCell.xib */ = {isa = PBXFileReference; lastKnownFileType = file.xib; path = GenreCell.xib; sourceTree = "<group>"; };
		0E533F3A2925EB24001A6A53 /* UserReviewsCell.swift */ = {isa = PBXFileReference; lastKnownFileType = sourcecode.swift; path = UserReviewsCell.swift; sourceTree = "<group>"; };
		0E533F3B2925EB24001A6A53 /* UserReviewsCell.xib */ = {isa = PBXFileReference; lastKnownFileType = file.xib; path = UserReviewsCell.xib; sourceTree = "<group>"; };
		0E533F3E29279784001A6A53 /* MoviesCell.swift */ = {isa = PBXFileReference; lastKnownFileType = sourcecode.swift; path = MoviesCell.swift; sourceTree = "<group>"; };
		0E533F3F29279784001A6A53 /* MoviesCell.xib */ = {isa = PBXFileReference; lastKnownFileType = file.xib; path = MoviesCell.xib; sourceTree = "<group>"; };
		0EA7CCCE292B452200192D51 /* YoutubePlayerVC.swift */ = {isa = PBXFileReference; lastKnownFileType = sourcecode.swift; path = YoutubePlayerVC.swift; sourceTree = "<group>"; };
		0EB7F31A29248056006283FA /* MyMovies.app */ = {isa = PBXFileReference; explicitFileType = wrapper.application; includeInIndex = 0; path = MyMovies.app; sourceTree = BUILT_PRODUCTS_DIR; };
		0EB7F31D29248056006283FA /* AppDelegate.swift */ = {isa = PBXFileReference; lastKnownFileType = sourcecode.swift; path = AppDelegate.swift; sourceTree = "<group>"; };
		0EB7F31F29248056006283FA /* SceneDelegate.swift */ = {isa = PBXFileReference; lastKnownFileType = sourcecode.swift; path = SceneDelegate.swift; sourceTree = "<group>"; };
		0EB7F32129248056006283FA /* ViewController.swift */ = {isa = PBXFileReference; lastKnownFileType = sourcecode.swift; path = ViewController.swift; sourceTree = "<group>"; };
		0EB7F32429248056006283FA /* Base */ = {isa = PBXFileReference; lastKnownFileType = file.storyboard; name = Base; path = Base.lproj/Main.storyboard; sourceTree = "<group>"; };
		0EB7F32629248058006283FA /* Assets.xcassets */ = {isa = PBXFileReference; lastKnownFileType = folder.assetcatalog; path = Assets.xcassets; sourceTree = "<group>"; };
		0EB7F32929248058006283FA /* Base */ = {isa = PBXFileReference; lastKnownFileType = file.storyboard; name = Base; path = Base.lproj/LaunchScreen.storyboard; sourceTree = "<group>"; };
		0EB7F32B29248058006283FA /* Info.plist */ = {isa = PBXFileReference; lastKnownFileType = text.plist.xml; path = Info.plist; sourceTree = "<group>"; };
		0EB7F33029248058006283FA /* MyMoviesTests.xctest */ = {isa = PBXFileReference; explicitFileType = wrapper.cfbundle; includeInIndex = 0; path = MyMoviesTests.xctest; sourceTree = BUILT_PRODUCTS_DIR; };
		0EB7F33429248058006283FA /* MyMoviesTests.swift */ = {isa = PBXFileReference; lastKnownFileType = sourcecode.swift; path = MyMoviesTests.swift; sourceTree = "<group>"; };
		0EB7F33A29248058006283FA /* MyMoviesUITests.xctest */ = {isa = PBXFileReference; explicitFileType = wrapper.cfbundle; includeInIndex = 0; path = MyMoviesUITests.xctest; sourceTree = BUILT_PRODUCTS_DIR; };
		0EB7F33E29248058006283FA /* MyMoviesUITests.swift */ = {isa = PBXFileReference; lastKnownFileType = sourcecode.swift; path = MyMoviesUITests.swift; sourceTree = "<group>"; };
		0EB7F34029248058006283FA /* MyMoviesUITestsLaunchTests.swift */ = {isa = PBXFileReference; lastKnownFileType = sourcecode.swift; path = MyMoviesUITestsLaunchTests.swift; sourceTree = "<group>"; };
		324C867FEC4C8457014CFEA1 /* Pods-MyMovies-MyMoviesUITests.release.xcconfig */ = {isa = PBXFileReference; includeInIndex = 1; lastKnownFileType = text.xcconfig; name = "Pods-MyMovies-MyMoviesUITests.release.xcconfig"; path = "Target Support Files/Pods-MyMovies-MyMoviesUITests/Pods-MyMovies-MyMoviesUITests.release.xcconfig"; sourceTree = "<group>"; };
		458D5E3084CF7C3D6A5C9B93 /* Pods_MyMovies.framework */ = {isa = PBXFileReference; explicitFileType = wrapper.framework; includeInIndex = 0; path = Pods_MyMovies.framework; sourceTree = BUILT_PRODUCTS_DIR; };
		7E859C51F83391E239044B69 /* Pods-MyMovies.debug.xcconfig */ = {isa = PBXFileReference; includeInIndex = 1; lastKnownFileType = text.xcconfig; name = "Pods-MyMovies.debug.xcconfig"; path = "Target Support Files/Pods-MyMovies/Pods-MyMovies.debug.xcconfig"; sourceTree = "<group>"; };
		A09E589308E9AEEA04CE5277 /* Pods_MyMovies_MyMoviesUITests.framework */ = {isa = PBXFileReference; explicitFileType = wrapper.framework; includeInIndex = 0; path = Pods_MyMovies_MyMoviesUITests.framework; sourceTree = BUILT_PRODUCTS_DIR; };
		D6F3E15C4873D4956D0F6C3B /* Pods-MyMoviesTests.debug.xcconfig */ = {isa = PBXFileReference; includeInIndex = 1; lastKnownFileType = text.xcconfig; name = "Pods-MyMoviesTests.debug.xcconfig"; path = "Target Support Files/Pods-MyMoviesTests/Pods-MyMoviesTests.debug.xcconfig"; sourceTree = "<group>"; };
		E34A90CD2269D9A6ADB2AEEC /* Pods-MyMovies.release.xcconfig */ = {isa = PBXFileReference; includeInIndex = 1; lastKnownFileType = text.xcconfig; name = "Pods-MyMovies.release.xcconfig"; path = "Target Support Files/Pods-MyMovies/Pods-MyMovies.release.xcconfig"; sourceTree = "<group>"; };
		F19DA26BF4263BF8AE49D2B9 /* Pods-MyMoviesTests.release.xcconfig */ = {isa = PBXFileReference; includeInIndex = 1; lastKnownFileType = text.xcconfig; name = "Pods-MyMoviesTests.release.xcconfig"; path = "Target Support Files/Pods-MyMoviesTests/Pods-MyMoviesTests.release.xcconfig"; sourceTree = "<group>"; };
		F5E0FC2F1BB377C7BECAF8C8 /* Pods-MyMovies-MyMoviesUITests.debug.xcconfig */ = {isa = PBXFileReference; includeInIndex = 1; lastKnownFileType = text.xcconfig; name = "Pods-MyMovies-MyMoviesUITests.debug.xcconfig"; path = "Target Support Files/Pods-MyMovies-MyMoviesUITests/Pods-MyMovies-MyMoviesUITests.debug.xcconfig"; sourceTree = "<group>"; };
		F7ED953868064FE954588799 /* Pods_MyMoviesTests.framework */ = {isa = PBXFileReference; explicitFileType = wrapper.framework; includeInIndex = 0; path = Pods_MyMoviesTests.framework; sourceTree = BUILT_PRODUCTS_DIR; };
/* End PBXFileReference section */

/* Begin PBXFrameworksBuildPhase section */
		0EB7F31729248056006283FA /* Frameworks */ = {
			isa = PBXFrameworksBuildPhase;
			buildActionMask = 2147483647;
			files = (
				AE54841A8C68E0BA5C85005D /* Pods_MyMovies.framework in Frameworks */,
			);
			runOnlyForDeploymentPostprocessing = 0;
		};
		0EB7F32D29248058006283FA /* Frameworks */ = {
			isa = PBXFrameworksBuildPhase;
			buildActionMask = 2147483647;
			files = (
				4759165FD0426A01CE68DB94 /* Pods_MyMoviesTests.framework in Frameworks */,
			);
			runOnlyForDeploymentPostprocessing = 0;
		};
		0EB7F33729248058006283FA /* Frameworks */ = {
			isa = PBXFrameworksBuildPhase;
			buildActionMask = 2147483647;
			files = (
				801321CF2042AFBCE2BF35E9 /* Pods_MyMovies_MyMoviesUITests.framework in Frameworks */,
			);
			runOnlyForDeploymentPostprocessing = 0;
		};
/* End PBXFrameworksBuildPhase section */

/* Begin PBXGroup section */
		0E533F1A2924C319001A6A53 /* Model */ = {
			isa = PBXGroup;
			children = (
				0E533F202924C589001A6A53 /* Genres.swift */,
				0E533F222924C5C0001A6A53 /* MovieList.swift */,
				0E533F242924C5DC001A6A53 /* MovieData.swift */,
				0E533F262924C603001A6A53 /* UserReviews.swift */,
			);
			path = Model;
			sourceTree = "<group>";
		};
		0E533F1B2924C364001A6A53 /* View */ = {
			isa = PBXGroup;
			children = (
				0E533F322925EACF001A6A53 /* GenreCell.swift */,
				0E533F332925EACF001A6A53 /* GenreCell.xib */,
				0E533F3A2925EB24001A6A53 /* UserReviewsCell.swift */,
				0E533F3B2925EB24001A6A53 /* UserReviewsCell.xib */,
				0E533F3E29279784001A6A53 /* MoviesCell.swift */,
				0E533F3F29279784001A6A53 /* MoviesCell.xib */,
			);
			path = View;
			sourceTree = "<group>";
		};
		0E533F1C2924C36B001A6A53 /* Controller */ = {
			isa = PBXGroup;
			children = (
				0E533F2A2925E973001A6A53 /* GenreListVC.swift */,
				0E533F2C2925E984001A6A53 /* MovieListVC.swift */,
				0E533F2E2925E999001A6A53 /* MovieDetailVC.swift */,
				0E533F302925EA85001A6A53 /* UserReviewsVC.swift */,
				0EA7CCCE292B452200192D51 /* YoutubePlayerVC.swift */,
			);
			path = Controller;
			sourceTree = "<group>";
		};
		0E533F1D2924C373001A6A53 /* Network */ = {
			isa = PBXGroup;
			children = (
				0E533F1E2924C4DA001A6A53 /* Endpoint.swift */,
				0E533F282924C809001A6A53 /* Key.swift */,
			);
			path = Network;
			sourceTree = "<group>";
		};
		0EB7F31129248055006283FA = {
			isa = PBXGroup;
			children = (
				0EB7F31C29248056006283FA /* MyMovies */,
				0EB7F33329248058006283FA /* MyMoviesTests */,
				0EB7F33D29248058006283FA /* MyMoviesUITests */,
				0EB7F31B29248056006283FA /* Products */,
				7362C1A1D61B3FAFA0E65D3E /* Pods */,
				81F4B07EA121A14BEE312961 /* Frameworks */,
			);
			sourceTree = "<group>";
		};
		0EB7F31B29248056006283FA /* Products */ = {
			isa = PBXGroup;
			children = (
				0EB7F31A29248056006283FA /* MyMovies.app */,
				0EB7F33029248058006283FA /* MyMoviesTests.xctest */,
				0EB7F33A29248058006283FA /* MyMoviesUITests.xctest */,
			);
			name = Products;
			sourceTree = "<group>";
		};
		0EB7F31C29248056006283FA /* MyMovies */ = {
			isa = PBXGroup;
			children = (
				0E533F1A2924C319001A6A53 /* Model */,
				0E533F1B2924C364001A6A53 /* View */,
				0E533F1C2924C36B001A6A53 /* Controller */,
				0E533F1D2924C373001A6A53 /* Network */,
				0EB7F31D29248056006283FA /* AppDelegate.swift */,
				0EB7F31F29248056006283FA /* SceneDelegate.swift */,
				0EB7F32129248056006283FA /* ViewController.swift */,
				0EB7F32329248056006283FA /* Main.storyboard */,
				0EB7F32629248058006283FA /* Assets.xcassets */,
				0EB7F32829248058006283FA /* LaunchScreen.storyboard */,
				0EB7F32B29248058006283FA /* Info.plist */,
			);
			path = MyMovies;
			sourceTree = "<group>";
		};
		0EB7F33329248058006283FA /* MyMoviesTests */ = {
			isa = PBXGroup;
			children = (
				0EB7F33429248058006283FA /* MyMoviesTests.swift */,
			);
			path = MyMoviesTests;
			sourceTree = "<group>";
		};
		0EB7F33D29248058006283FA /* MyMoviesUITests */ = {
			isa = PBXGroup;
			children = (
				0EB7F33E29248058006283FA /* MyMoviesUITests.swift */,
				0EB7F34029248058006283FA /* MyMoviesUITestsLaunchTests.swift */,
			);
			path = MyMoviesUITests;
			sourceTree = "<group>";
		};
		7362C1A1D61B3FAFA0E65D3E /* Pods */ = {
			isa = PBXGroup;
			children = (
				7E859C51F83391E239044B69 /* Pods-MyMovies.debug.xcconfig */,
				E34A90CD2269D9A6ADB2AEEC /* Pods-MyMovies.release.xcconfig */,
				F5E0FC2F1BB377C7BECAF8C8 /* Pods-MyMovies-MyMoviesUITests.debug.xcconfig */,
				324C867FEC4C8457014CFEA1 /* Pods-MyMovies-MyMoviesUITests.release.xcconfig */,
				D6F3E15C4873D4956D0F6C3B /* Pods-MyMoviesTests.debug.xcconfig */,
				F19DA26BF4263BF8AE49D2B9 /* Pods-MyMoviesTests.release.xcconfig */,
			);
			path = Pods;
			sourceTree = "<group>";
		};
		81F4B07EA121A14BEE312961 /* Frameworks */ = {
			isa = PBXGroup;
			children = (
				458D5E3084CF7C3D6A5C9B93 /* Pods_MyMovies.framework */,
				A09E589308E9AEEA04CE5277 /* Pods_MyMovies_MyMoviesUITests.framework */,
				F7ED953868064FE954588799 /* Pods_MyMoviesTests.framework */,
			);
			name = Frameworks;
			sourceTree = "<group>";
		};
/* End PBXGroup section */

/* Begin PBXNativeTarget section */
		0EB7F31929248056006283FA /* MyMovies */ = {
			isa = PBXNativeTarget;
			buildConfigurationList = 0EB7F34429248059006283FA /* Build configuration list for PBXNativeTarget "MyMovies" */;
			buildPhases = (
				FBE3789002F93C79B9B8613D /* [CP] Check Pods Manifest.lock */,
				0EB7F31629248056006283FA /* Sources */,
				0EB7F31729248056006283FA /* Frameworks */,
				0EB7F31829248056006283FA /* Resources */,
				6AE4B97FFBE274448D86474C /* [CP] Embed Pods Frameworks */,
			);
			buildRules = (
			);
			dependencies = (
			);
			name = MyMovies;
			productName = MyMovies;
			productReference = 0EB7F31A29248056006283FA /* MyMovies.app */;
			productType = "com.apple.product-type.application";
		};
		0EB7F32F29248058006283FA /* MyMoviesTests */ = {
			isa = PBXNativeTarget;
			buildConfigurationList = 0EB7F34729248059006283FA /* Build configuration list for PBXNativeTarget "MyMoviesTests" */;
			buildPhases = (
				4488FB5632E89BCA2C35797B /* [CP] Check Pods Manifest.lock */,
				0EB7F32C29248058006283FA /* Sources */,
				0EB7F32D29248058006283FA /* Frameworks */,
				0EB7F32E29248058006283FA /* Resources */,
			);
			buildRules = (
			);
			dependencies = (
				0EB7F33229248058006283FA /* PBXTargetDependency */,
			);
			name = MyMoviesTests;
			productName = MyMoviesTests;
			productReference = 0EB7F33029248058006283FA /* MyMoviesTests.xctest */;
			productType = "com.apple.product-type.bundle.unit-test";
		};
		0EB7F33929248058006283FA /* MyMoviesUITests */ = {
			isa = PBXNativeTarget;
			buildConfigurationList = 0EB7F34A29248059006283FA /* Build configuration list for PBXNativeTarget "MyMoviesUITests" */;
			buildPhases = (
				F7C8F51E1DE3C3E4A985E736 /* [CP] Check Pods Manifest.lock */,
				0EB7F33629248058006283FA /* Sources */,
				0EB7F33729248058006283FA /* Frameworks */,
				0EB7F33829248058006283FA /* Resources */,
				C1D9BD034A33180C4A9BEFAC /* [CP] Embed Pods Frameworks */,
			);
			buildRules = (
			);
			dependencies = (
				0EB7F33C29248058006283FA /* PBXTargetDependency */,
			);
			name = MyMoviesUITests;
			productName = MyMoviesUITests;
			productReference = 0EB7F33A29248058006283FA /* MyMoviesUITests.xctest */;
			productType = "com.apple.product-type.bundle.ui-testing";
		};
/* End PBXNativeTarget section */

/* Begin PBXProject section */
		0EB7F31229248055006283FA /* Project object */ = {
			isa = PBXProject;
			attributes = {
				BuildIndependentTargetsInParallel = 1;
				LastSwiftUpdateCheck = 1410;
				LastUpgradeCheck = 1410;
				TargetAttributes = {
					0EB7F31929248056006283FA = {
						CreatedOnToolsVersion = 14.1;
					};
					0EB7F32F29248058006283FA = {
						CreatedOnToolsVersion = 14.1;
						TestTargetID = 0EB7F31929248056006283FA;
					};
					0EB7F33929248058006283FA = {
						CreatedOnToolsVersion = 14.1;
						TestTargetID = 0EB7F31929248056006283FA;
					};
				};
			};
			buildConfigurationList = 0EB7F31529248055006283FA /* Build configuration list for PBXProject "MyMovies" */;
			compatibilityVersion = "Xcode 13.0";
			developmentRegion = en;
			hasScannedForEncodings = 0;
			knownRegions = (
				en,
				Base,
			);
			mainGroup = 0EB7F31129248055006283FA;
			productRefGroup = 0EB7F31B29248056006283FA /* Products */;
			projectDirPath = "";
			projectRoot = "";
			targets = (
				0EB7F31929248056006283FA /* MyMovies */,
				0EB7F32F29248058006283FA /* MyMoviesTests */,
				0EB7F33929248058006283FA /* MyMoviesUITests */,
			);
		};
/* End PBXProject section */

/* Begin PBXResourcesBuildPhase section */
		0EB7F31829248056006283FA /* Resources */ = {
			isa = PBXResourcesBuildPhase;
			buildActionMask = 2147483647;
			files = (
				0EB7F32A29248058006283FA /* LaunchScreen.storyboard in Resources */,
				0EB7F32729248058006283FA /* Assets.xcassets in Resources */,
				0E533F3D2925EB24001A6A53 /* UserReviewsCell.xib in Resources */,
				0EB7F32529248056006283FA /* Main.storyboard in Resources */,
				0E533F4129279784001A6A53 /* MoviesCell.xib in Resources */,
				0E533F352925EACF001A6A53 /* GenreCell.xib in Resources */,
			);
			runOnlyForDeploymentPostprocessing = 0;
		};
		0EB7F32E29248058006283FA /* Resources */ = {
			isa = PBXResourcesBuildPhase;
			buildActionMask = 2147483647;
			files = (
			);
			runOnlyForDeploymentPostprocessing = 0;
		};
		0EB7F33829248058006283FA /* Resources */ = {
			isa = PBXResourcesBuildPhase;
			buildActionMask = 2147483647;
			files = (
			);
			runOnlyForDeploymentPostprocessing = 0;
		};
/* End PBXResourcesBuildPhase section */

/* Begin PBXShellScriptBuildPhase section */
		4488FB5632E89BCA2C35797B /* [CP] Check Pods Manifest.lock */ = {
			isa = PBXShellScriptBuildPhase;
			buildActionMask = 2147483647;
			files = (
			);
			inputFileListPaths = (
			);
			inputPaths = (
				"${PODS_PODFILE_DIR_PATH}/Podfile.lock",
				"${PODS_ROOT}/Manifest.lock",
			);
			name = "[CP] Check Pods Manifest.lock";
			outputFileListPaths = (
			);
			outputPaths = (
				"$(DERIVED_FILE_DIR)/Pods-MyMoviesTests-checkManifestLockResult.txt",
			);
			runOnlyForDeploymentPostprocessing = 0;
			shellPath = /bin/sh;
			shellScript = "diff \"${PODS_PODFILE_DIR_PATH}/Podfile.lock\" \"${PODS_ROOT}/Manifest.lock\" > /dev/null\nif [ $? != 0 ] ; then\n    # print error to STDERR\n    echo \"error: The sandbox is not in sync with the Podfile.lock. Run 'pod install' or update your CocoaPods installation.\" >&2\n    exit 1\nfi\n# This output is used by Xcode 'outputs' to avoid re-running this script phase.\necho \"SUCCESS\" > \"${SCRIPT_OUTPUT_FILE_0}\"\n";
			showEnvVarsInLog = 0;
		};
		6AE4B97FFBE274448D86474C /* [CP] Embed Pods Frameworks */ = {
			isa = PBXShellScriptBuildPhase;
			buildActionMask = 2147483647;
			files = (
			);
			inputFileListPaths = (
				"${PODS_ROOT}/Target Support Files/Pods-MyMovies/Pods-MyMovies-frameworks-${CONFIGURATION}-input-files.xcfilelist",
			);
			name = "[CP] Embed Pods Frameworks";
			outputFileListPaths = (
				"${PODS_ROOT}/Target Support Files/Pods-MyMovies/Pods-MyMovies-frameworks-${CONFIGURATION}-output-files.xcfilelist",
			);
			runOnlyForDeploymentPostprocessing = 0;
			shellPath = /bin/sh;
			shellScript = "\"${PODS_ROOT}/Target Support Files/Pods-MyMovies/Pods-MyMovies-frameworks.sh\"\n";
			showEnvVarsInLog = 0;
		};
		C1D9BD034A33180C4A9BEFAC /* [CP] Embed Pods Frameworks */ = {
			isa = PBXShellScriptBuildPhase;
			buildActionMask = 2147483647;
			files = (
			);
			inputFileListPaths = (
				"${PODS_ROOT}/Target Support Files/Pods-MyMovies-MyMoviesUITests/Pods-MyMovies-MyMoviesUITests-frameworks-${CONFIGURATION}-input-files.xcfilelist",
			);
			name = "[CP] Embed Pods Frameworks";
			outputFileListPaths = (
				"${PODS_ROOT}/Target Support Files/Pods-MyMovies-MyMoviesUITests/Pods-MyMovies-MyMoviesUITests-frameworks-${CONFIGURATION}-output-files.xcfilelist",
			);
			runOnlyForDeploymentPostprocessing = 0;
			shellPath = /bin/sh;
			shellScript = "\"${PODS_ROOT}/Target Support Files/Pods-MyMovies-MyMoviesUITests/Pods-MyMovies-MyMoviesUITests-frameworks.sh\"\n";
			showEnvVarsInLog = 0;
		};
		F7C8F51E1DE3C3E4A985E736 /* [CP] Check Pods Manifest.lock */ = {
			isa = PBXShellScriptBuildPhase;
			buildActionMask = 2147483647;
			files = (
			);
			inputFileListPaths = (
			);
			inputPaths = (
				"${PODS_PODFILE_DIR_PATH}/Podfile.lock",
				"${PODS_ROOT}/Manifest.lock",
			);
			name = "[CP] Check Pods Manifest.lock";
			outputFileListPaths = (
			);
			outputPaths = (
				"$(DERIVED_FILE_DIR)/Pods-MyMovies-MyMoviesUITests-checkManifestLockResult.txt",
			);
			runOnlyForDeploymentPostprocessing = 0;
			shellPath = /bin/sh;
			shellScript = "diff \"${PODS_PODFILE_DIR_PATH}/Podfile.lock\" \"${PODS_ROOT}/Manifest.lock\" > /dev/null\nif [ $? != 0 ] ; then\n    # print error to STDERR\n    echo \"error: The sandbox is not in sync with the Podfile.lock. Run 'pod install' or update your CocoaPods installation.\" >&2\n    exit 1\nfi\n# This output is used by Xcode 'outputs' to avoid re-running this script phase.\necho \"SUCCESS\" > \"${SCRIPT_OUTPUT_FILE_0}\"\n";
			showEnvVarsInLog = 0;
		};
		FBE3789002F93C79B9B8613D /* [CP] Check Pods Manifest.lock */ = {
			isa = PBXShellScriptBuildPhase;
			buildActionMask = 2147483647;
			files = (
			);
			inputFileListPaths = (
			);
			inputPaths = (
				"${PODS_PODFILE_DIR_PATH}/Podfile.lock",
				"${PODS_ROOT}/Manifest.lock",
			);
			name = "[CP] Check Pods Manifest.lock";
			outputFileListPaths = (
			);
			outputPaths = (
				"$(DERIVED_FILE_DIR)/Pods-MyMovies-checkManifestLockResult.txt",
			);
			runOnlyForDeploymentPostprocessing = 0;
			shellPath = /bin/sh;
			shellScript = "diff \"${PODS_PODFILE_DIR_PATH}/Podfile.lock\" \"${PODS_ROOT}/Manifest.lock\" > /dev/null\nif [ $? != 0 ] ; then\n    # print error to STDERR\n    echo \"error: The sandbox is not in sync with the Podfile.lock. Run 'pod install' or update your CocoaPods installation.\" >&2\n    exit 1\nfi\n# This output is used by Xcode 'outputs' to avoid re-running this script phase.\necho \"SUCCESS\" > \"${SCRIPT_OUTPUT_FILE_0}\"\n";
			showEnvVarsInLog = 0;
		};
/* End PBXShellScriptBuildPhase section */

/* Begin PBXSourcesBuildPhase section */
		0EB7F31629248056006283FA /* Sources */ = {
			isa = PBXSourcesBuildPhase;
			buildActionMask = 2147483647;
			files = (
				0E533F4029279784001A6A53 /* MoviesCell.swift in Sources */,
				0EA7CCCF292B452200192D51 /* YoutubePlayerVC.swift in Sources */,
				0E533F2B2925E973001A6A53 /* GenreListVC.swift in Sources */,
				0E533F252924C5DC001A6A53 /* MovieData.swift in Sources */,
				0EB7F32229248056006283FA /* ViewController.swift in Sources */,
				0E533F292924C809001A6A53 /* Key.swift in Sources */,
				0E533F3C2925EB24001A6A53 /* UserReviewsCell.swift in Sources */,
				0E533F2D2925E984001A6A53 /* MovieListVC.swift in Sources */,
				0E533F312925EA85001A6A53 /* UserReviewsVC.swift in Sources */,
				0EB7F31E29248056006283FA /* AppDelegate.swift in Sources */,
				0E533F232924C5C1001A6A53 /* MovieList.swift in Sources */,
				0E533F1F2924C4DA001A6A53 /* Endpoint.swift in Sources */,
				0E533F342925EACF001A6A53 /* GenreCell.swift in Sources */,
				0E533F272924C603001A6A53 /* UserReviews.swift in Sources */,
				0EB7F32029248056006283FA /* SceneDelegate.swift in Sources */,
				0E533F2F2925E999001A6A53 /* MovieDetailVC.swift in Sources */,
				0E533F212924C589001A6A53 /* Genres.swift in Sources */,
			);
			runOnlyForDeploymentPostprocessing = 0;
		};
		0EB7F32C29248058006283FA /* Sources */ = {
			isa = PBXSourcesBuildPhase;
			buildActionMask = 2147483647;
			files = (
				0EB7F33529248058006283FA /* MyMoviesTests.swift in Sources */,
			);
			runOnlyForDeploymentPostprocessing = 0;
		};
		0EB7F33629248058006283FA /* Sources */ = {
			isa = PBXSourcesBuildPhase;
			buildActionMask = 2147483647;
			files = (
				0EB7F34129248058006283FA /* MyMoviesUITestsLaunchTests.swift in Sources */,
				0EB7F33F29248058006283FA /* MyMoviesUITests.swift in Sources */,
			);
			runOnlyForDeploymentPostprocessing = 0;
		};
/* End PBXSourcesBuildPhase section */

/* Begin PBXTargetDependency section */
		0EB7F33229248058006283FA /* PBXTargetDependency */ = {
			isa = PBXTargetDependency;
			target = 0EB7F31929248056006283FA /* MyMovies */;
			targetProxy = 0EB7F33129248058006283FA /* PBXContainerItemProxy */;
		};
		0EB7F33C29248058006283FA /* PBXTargetDependency */ = {
			isa = PBXTargetDependency;
			target = 0EB7F31929248056006283FA /* MyMovies */;
			targetProxy = 0EB7F33B29248058006283FA /* PBXContainerItemProxy */;
		};
/* End PBXTargetDependency section */

/* Begin PBXVariantGroup section */
		0EB7F32329248056006283FA /* Main.storyboard */ = {
			isa = PBXVariantGroup;
			children = (
				0EB7F32429248056006283FA /* Base */,
			);
			name = Main.storyboard;
			sourceTree = "<group>";
		};
		0EB7F32829248058006283FA /* LaunchScreen.storyboard */ = {
			isa = PBXVariantGroup;
			children = (
				0EB7F32929248058006283FA /* Base */,
			);
			name = LaunchScreen.storyboard;
			sourceTree = "<group>";
		};
/* End PBXVariantGroup section */

/* Begin XCBuildConfiguration section */
		0EB7F34229248059006283FA /* Debug */ = {
			isa = XCBuildConfiguration;
			buildSettings = {
				ALWAYS_SEARCH_USER_PATHS = NO;
				CLANG_ANALYZER_NONNULL = YES;
				CLANG_ANALYZER_NUMBER_OBJECT_CONVERSION = YES_AGGRESSIVE;
				CLANG_CXX_LANGUAGE_STANDARD = "gnu++20";
				CLANG_ENABLE_MODULES = YES;
				CLANG_ENABLE_OBJC_ARC = YES;
				CLANG_ENABLE_OBJC_WEAK = YES;
				CLANG_WARN_BLOCK_CAPTURE_AUTORELEASING = YES;
				CLANG_WARN_BOOL_CONVERSION = YES;
				CLANG_WARN_COMMA = YES;
				CLANG_WARN_CONSTANT_CONVERSION = YES;
				CLANG_WARN_DEPRECATED_OBJC_IMPLEMENTATIONS = YES;
				CLANG_WARN_DIRECT_OBJC_ISA_USAGE = YES_ERROR;
				CLANG_WARN_DOCUMENTATION_COMMENTS = YES;
				CLANG_WARN_EMPTY_BODY = YES;
				CLANG_WARN_ENUM_CONVERSION = YES;
				CLANG_WARN_INFINITE_RECURSION = YES;
				CLANG_WARN_INT_CONVERSION = YES;
				CLANG_WARN_NON_LITERAL_NULL_CONVERSION = YES;
				CLANG_WARN_OBJC_IMPLICIT_RETAIN_SELF = YES;
				CLANG_WARN_OBJC_LITERAL_CONVERSION = YES;
				CLANG_WARN_OBJC_ROOT_CLASS = YES_ERROR;
				CLANG_WARN_QUOTED_INCLUDE_IN_FRAMEWORK_HEADER = YES;
				CLANG_WARN_RANGE_LOOP_ANALYSIS = YES;
				CLANG_WARN_STRICT_PROTOTYPES = YES;
				CLANG_WARN_SUSPICIOUS_MOVE = YES;
				CLANG_WARN_UNGUARDED_AVAILABILITY = YES_AGGRESSIVE;
				CLANG_WARN_UNREACHABLE_CODE = YES;
				CLANG_WARN__DUPLICATE_METHOD_MATCH = YES;
				COPY_PHASE_STRIP = NO;
				DEBUG_INFORMATION_FORMAT = dwarf;
				ENABLE_STRICT_OBJC_MSGSEND = YES;
				ENABLE_TESTABILITY = YES;
				GCC_C_LANGUAGE_STANDARD = gnu11;
				GCC_DYNAMIC_NO_PIC = NO;
				GCC_NO_COMMON_BLOCKS = YES;
				GCC_OPTIMIZATION_LEVEL = 0;
				GCC_PREPROCESSOR_DEFINITIONS = (
					"DEBUG=1",
					"$(inherited)",
				);
				GCC_WARN_64_TO_32_BIT_CONVERSION = YES;
				GCC_WARN_ABOUT_RETURN_TYPE = YES_ERROR;
				GCC_WARN_UNDECLARED_SELECTOR = YES;
				GCC_WARN_UNINITIALIZED_AUTOS = YES_AGGRESSIVE;
				GCC_WARN_UNUSED_FUNCTION = YES;
				GCC_WARN_UNUSED_VARIABLE = YES;
				IPHONEOS_DEPLOYMENT_TARGET = 16.1;
				MTL_ENABLE_DEBUG_INFO = INCLUDE_SOURCE;
				MTL_FAST_MATH = YES;
				ONLY_ACTIVE_ARCH = YES;
				SDKROOT = iphoneos;
				SWIFT_ACTIVE_COMPILATION_CONDITIONS = DEBUG;
				SWIFT_OPTIMIZATION_LEVEL = "-Onone";
			};
			name = Debug;
		};
		0EB7F34329248059006283FA /* Release */ = {
			isa = XCBuildConfiguration;
			buildSettings = {
				ALWAYS_SEARCH_USER_PATHS = NO;
				CLANG_ANALYZER_NONNULL = YES;
				CLANG_ANALYZER_NUMBER_OBJECT_CONVERSION = YES_AGGRESSIVE;
				CLANG_CXX_LANGUAGE_STANDARD = "gnu++20";
				CLANG_ENABLE_MODULES = YES;
				CLANG_ENABLE_OBJC_ARC = YES;
				CLANG_ENABLE_OBJC_WEAK = YES;
				CLANG_WARN_BLOCK_CAPTURE_AUTORELEASING = YES;
				CLANG_WARN_BOOL_CONVERSION = YES;
				CLANG_WARN_COMMA = YES;
				CLANG_WARN_CONSTANT_CONVERSION = YES;
				CLANG_WARN_DEPRECATED_OBJC_IMPLEMENTATIONS = YES;
				CLANG_WARN_DIRECT_OBJC_ISA_USAGE = YES_ERROR;
				CLANG_WARN_DOCUMENTATION_COMMENTS = YES;
				CLANG_WARN_EMPTY_BODY = YES;
				CLANG_WARN_ENUM_CONVERSION = YES;
				CLANG_WARN_INFINITE_RECURSION = YES;
				CLANG_WARN_INT_CONVERSION = YES;
				CLANG_WARN_NON_LITERAL_NULL_CONVERSION = YES;
				CLANG_WARN_OBJC_IMPLICIT_RETAIN_SELF = YES;
				CLANG_WARN_OBJC_LITERAL_CONVERSION = YES;
				CLANG_WARN_OBJC_ROOT_CLASS = YES_ERROR;
				CLANG_WARN_QUOTED_INCLUDE_IN_FRAMEWORK_HEADER = YES;
				CLANG_WARN_RANGE_LOOP_ANALYSIS = YES;
				CLANG_WARN_STRICT_PROTOTYPES = YES;
				CLANG_WARN_SUSPICIOUS_MOVE = YES;
				CLANG_WARN_UNGUARDED_AVAILABILITY = YES_AGGRESSIVE;
				CLANG_WARN_UNREACHABLE_CODE = YES;
				CLANG_WARN__DUPLICATE_METHOD_MATCH = YES;
				COPY_PHASE_STRIP = NO;
				DEBUG_INFORMATION_FORMAT = "dwarf-with-dsym";
				ENABLE_NS_ASSERTIONS = NO;
				ENABLE_STRICT_OBJC_MSGSEND = YES;
				GCC_C_LANGUAGE_STANDARD = gnu11;
				GCC_NO_COMMON_BLOCKS = YES;
				GCC_WARN_64_TO_32_BIT_CONVERSION = YES;
				GCC_WARN_ABOUT_RETURN_TYPE = YES_ERROR;
				GCC_WARN_UNDECLARED_SELECTOR = YES;
				GCC_WARN_UNINITIALIZED_AUTOS = YES_AGGRESSIVE;
				GCC_WARN_UNUSED_FUNCTION = YES;
				GCC_WARN_UNUSED_VARIABLE = YES;
				IPHONEOS_DEPLOYMENT_TARGET = 16.1;
				MTL_ENABLE_DEBUG_INFO = NO;
				MTL_FAST_MATH = YES;
				SDKROOT = iphoneos;
				SWIFT_COMPILATION_MODE = wholemodule;
				SWIFT_OPTIMIZATION_LEVEL = "-O";
				VALIDATE_PRODUCT = YES;
			};
			name = Release;
		};
		0EB7F34529248059006283FA /* Debug */ = {
			isa = XCBuildConfiguration;
			baseConfigurationReference = 7E859C51F83391E239044B69 /* Pods-MyMovies.debug.xcconfig */;
			buildSettings = {
				ASSETCATALOG_COMPILER_APPICON_NAME = AppIcon;
				ASSETCATALOG_COMPILER_GLOBAL_ACCENT_COLOR_NAME = AccentColor;
				CODE_SIGN_STYLE = Automatic;
				CURRENT_PROJECT_VERSION = 1;
				DEVELOPMENT_TEAM = 558S4KFWLW;
				GENERATE_INFOPLIST_FILE = YES;
				INFOPLIST_FILE = MyMovies/Info.plist;
				INFOPLIST_KEY_UIApplicationSupportsIndirectInputEvents = YES;
				INFOPLIST_KEY_UILaunchStoryboardName = LaunchScreen;
				INFOPLIST_KEY_UIMainStoryboardFile = Main;
				INFOPLIST_KEY_UISupportedInterfaceOrientations = UIInterfaceOrientationPortrait;
				LD_RUNPATH_SEARCH_PATHS = (
					"$(inherited)",
					"@executable_path/Frameworks",
				);
				MARKETING_VERSION = 1.0;
				PRODUCT_BUNDLE_IDENTIFIER = com.faturfzi.MyMovies;
				PRODUCT_NAME = "$(TARGET_NAME)";
				SUPPORTED_PLATFORMS = "iphoneos iphonesimulator";
				SUPPORTS_MACCATALYST = NO;
				SUPPORTS_MAC_DESIGNED_FOR_IPHONE_IPAD = NO;
				SWIFT_EMIT_LOC_STRINGS = YES;
				SWIFT_VERSION = 5.0;
				TARGETED_DEVICE_FAMILY = 1;
			};
			name = Debug;
		};
		0EB7F34629248059006283FA /* Release */ = {
			isa = XCBuildConfiguration;
			baseConfigurationReference = E34A90CD2269D9A6ADB2AEEC /* Pods-MyMovies.release.xcconfig */;
			buildSettings = {
				ASSETCATALOG_COMPILER_APPICON_NAME = AppIcon;
				ASSETCATALOG_COMPILER_GLOBAL_ACCENT_COLOR_NAME = AccentColor;
				CODE_SIGN_STYLE = Automatic;
				CURRENT_PROJECT_VERSION = 1;
				DEVELOPMENT_TEAM = 558S4KFWLW;
				GENERATE_INFOPLIST_FILE = YES;
				INFOPLIST_FILE = MyMovies/Info.plist;
				INFOPLIST_KEY_UIApplicationSupportsIndirectInputEvents = YES;
				INFOPLIST_KEY_UILaunchStoryboardName = LaunchScreen;
				INFOPLIST_KEY_UIMainStoryboardFile = Main;
				INFOPLIST_KEY_UISupportedInterfaceOrientations = UIInterfaceOrientationPortrait;
				LD_RUNPATH_SEARCH_PATHS = (
					"$(inherited)",
					"@executable_path/Frameworks",
				);
				MARKETING_VERSION = 1.0;
				PRODUCT_BUNDLE_IDENTIFIER = com.faturfzi.MyMovies;
				PRODUCT_NAME = "$(TARGET_NAME)";
				SUPPORTED_PLATFORMS = "iphoneos iphonesimulator";
				SUPPORTS_MACCATALYST = NO;
				SUPPORTS_MAC_DESIGNED_FOR_IPHONE_IPAD = NO;
				SWIFT_EMIT_LOC_STRINGS = YES;
				SWIFT_VERSION = 5.0;
				TARGETED_DEVICE_FAMILY = 1;
			};
			name = Release;
		};
		0EB7F34829248059006283FA /* Debug */ = {
			isa = XCBuildConfiguration;
			baseConfigurationReference = D6F3E15C4873D4956D0F6C3B /* Pods-MyMoviesTests.debug.xcconfig */;
			buildSettings = {
				ALWAYS_EMBED_SWIFT_STANDARD_LIBRARIES = YES;
				BUNDLE_LOADER = "$(TEST_HOST)";
				CODE_SIGN_STYLE = Automatic;
				CURRENT_PROJECT_VERSION = 1;
				GENERATE_INFOPLIST_FILE = YES;
				IPHONEOS_DEPLOYMENT_TARGET = 16.1;
				MARKETING_VERSION = 1.0;
				PRODUCT_BUNDLE_IDENTIFIER = com.faturfzi.MyMoviesTests;
				PRODUCT_NAME = "$(TARGET_NAME)";
				SWIFT_EMIT_LOC_STRINGS = NO;
				SWIFT_VERSION = 5.0;
				TARGETED_DEVICE_FAMILY = "1,2";
				TEST_HOST = "$(BUILT_PRODUCTS_DIR)/MyMovies.app/$(BUNDLE_EXECUTABLE_FOLDER_PATH)/MyMovies";
			};
			name = Debug;
		};
		0EB7F34929248059006283FA /* Release */ = {
			isa = XCBuildConfiguration;
			baseConfigurationReference = F19DA26BF4263BF8AE49D2B9 /* Pods-MyMoviesTests.release.xcconfig */;
			buildSettings = {
				ALWAYS_EMBED_SWIFT_STANDARD_LIBRARIES = YES;
				BUNDLE_LOADER = "$(TEST_HOST)";
				CODE_SIGN_STYLE = Automatic;
				CURRENT_PROJECT_VERSION = 1;
				GENERATE_INFOPLIST_FILE = YES;
				IPHONEOS_DEPLOYMENT_TARGET = 16.1;
				MARKETING_VERSION = 1.0;
				PRODUCT_BUNDLE_IDENTIFIER = com.faturfzi.MyMoviesTests;
				PRODUCT_NAME = "$(TARGET_NAME)";
				SWIFT_EMIT_LOC_STRINGS = NO;
				SWIFT_VERSION = 5.0;
				TARGETED_DEVICE_FAMILY = "1,2";
				TEST_HOST = "$(BUILT_PRODUCTS_DIR)/MyMovies.app/$(BUNDLE_EXECUTABLE_FOLDER_PATH)/MyMovies";
			};
			name = Release;
		};
		0EB7F34B29248059006283FA /* Debug */ = {
			isa = XCBuildConfiguration;
			baseConfigurationReference = F5E0FC2F1BB377C7BECAF8C8 /* Pods-MyMovies-MyMoviesUITests.debug.xcconfig */;
			buildSettings = {
				ALWAYS_EMBED_SWIFT_STANDARD_LIBRARIES = YES;
				CODE_SIGN_STYLE = Automatic;
				CURRENT_PROJECT_VERSION = 1;
				GENERATE_INFOPLIST_FILE = YES;
				MARKETING_VERSION = 1.0;
				PRODUCT_BUNDLE_IDENTIFIER = com.faturfzi.MyMoviesUITests;
				PRODUCT_NAME = "$(TARGET_NAME)";
				SWIFT_EMIT_LOC_STRINGS = NO;
				SWIFT_VERSION = 5.0;
				TARGETED_DEVICE_FAMILY = "1,2";
				TEST_TARGET_NAME = MyMovies;
			};
			name = Debug;
		};
		0EB7F34C29248059006283FA /* Release */ = {
			isa = XCBuildConfiguration;
			baseConfigurationReference = 324C867FEC4C8457014CFEA1 /* Pods-MyMovies-MyMoviesUITests.release.xcconfig */;
			buildSettings = {
				ALWAYS_EMBED_SWIFT_STANDARD_LIBRARIES = YES;
				CODE_SIGN_STYLE = Automatic;
				CURRENT_PROJECT_VERSION = 1;
				GENERATE_INFOPLIST_FILE = YES;
				MARKETING_VERSION = 1.0;
				PRODUCT_BUNDLE_IDENTIFIER = com.faturfzi.MyMoviesUITests;
				PRODUCT_NAME = "$(TARGET_NAME)";
				SWIFT_EMIT_LOC_STRINGS = NO;
				SWIFT_VERSION = 5.0;
				TARGETED_DEVICE_FAMILY = "1,2";
				TEST_TARGET_NAME = MyMovies;
			};
			name = Release;
		};
/* End XCBuildConfiguration section */

/* Begin XCConfigurationList section */
		0EB7F31529248055006283FA /* Build configuration list for PBXProject "MyMovies" */ = {
			isa = XCConfigurationList;
			buildConfigurations = (
				0EB7F34229248059006283FA /* Debug */,
				0EB7F34329248059006283FA /* Release */,
			);
			defaultConfigurationIsVisible = 0;
			defaultConfigurationName = Release;
		};
		0EB7F34429248059006283FA /* Build configuration list for PBXNativeTarget "MyMovies" */ = {
			isa = XCConfigurationList;
			buildConfigurations = (
				0EB7F34529248059006283FA /* Debug */,
				0EB7F34629248059006283FA /* Release */,
			);
			defaultConfigurationIsVisible = 0;
			defaultConfigurationName = Release;
		};
		0EB7F34729248059006283FA /* Build configuration list for PBXNativeTarget "MyMoviesTests" */ = {
			isa = XCConfigurationList;
			buildConfigurations = (
				0EB7F34829248059006283FA /* Debug */,
				0EB7F34929248059006283FA /* Release */,
			);
			defaultConfigurationIsVisible = 0;
			defaultConfigurationName = Release;
		};
		0EB7F34A29248059006283FA /* Build configuration list for PBXNativeTarget "MyMoviesUITests" */ = {
			isa = XCConfigurationList;
			buildConfigurations = (
				0EB7F34B29248059006283FA /* Debug */,
				0EB7F34C29248059006283FA /* Release */,
			);
			defaultConfigurationIsVisible = 0;
			defaultConfigurationName = Release;
		};
/* End XCConfigurationList section */
	};
	rootObject = 0EB7F31229248055006283FA /* Project object */;
}
